
Microsoft Visual Studio Solution File, Format Version 12.00
# Visual Studio Version 17
VisualStudioVersion = 17.14.36811.4 d17.14
MinimumVisualStudioVersion = 10.0.40219.1
Project("{FAE04EC0-301F-11D3-BF4B-00C04F79EFBC}") = "TinyPreprocessor", "TinyPreprocessor\TinyPreprocessor.csproj", "{E0D62411-8CA3-46CF-88BF-97734519C39A}"
EndProject
Global
	GlobalSection(SolutionConfigurationPlatforms) = preSolution
		Debug|Any CPU = Debug|Any CPU
		Release|Any CPU = Release|Any CPU
	EndGlobalSection
	GlobalSection(ProjectConfigurationPlatforms) = postSolution
		{E0D62411-8CA3-46CF-88BF-97734519C39A}.Debug|Any CPU.ActiveCfg = Debug|Any CPU
		{E0D62411-8CA3-46CF-88BF-97734519C39A}.Debug|Any CPU.Build.0 = Debug|Any CPU
		{E0D62411-8CA3-46CF-88BF-97734519C39A}.Release|Any CPU.ActiveCfg = Release|Any CPU
		{E0D62411-8CA3-46CF-88BF-97734519C39A}.Release|Any CPU.Build.0 = Release|Any CPU
	EndGlobalSection
	GlobalSection(SolutionProperties) = preSolution
		HideSolutionNode = FALSE
	EndGlobalSection
	GlobalSection(ExtensibilityGlobals) = postSolution
		SolutionGuid = {C8B8C2B8-BF42-40A6-8CC7-246E28171C80}
	EndGlobalSection
EndGlobal
